// !$*UTF8*$!
{
	archiveVersion = 1;
	classes = {
	};
	objectVersion = 55;
	objects = {

/* Begin PBXBuildFile section */
		3F099CF327A4E4050079F4BC /* AddRecipeView.swift in Sources */ = {isa = PBXBuildFile; fileRef = 3F099CF227A4E4050079F4BC /* AddRecipeView.swift */; };
		3F099CF727A68AFD0079F4BC /* RecipeCardPresenter.swift in Sources */ = {isa = PBXBuildFile; fileRef = 3F099CF627A68AFD0079F4BC /* RecipeCardPresenter.swift */; };
		3F099CFE27A6BBFC0079F4BC /* InternalColorScheme.swift in Sources */ = {isa = PBXBuildFile; fileRef = 3F099CFD27A6BBFC0079F4BC /* InternalColorScheme.swift */; };
		3F099D0127A6BC530079F4BC /* PreferencesStore.swift in Sources */ = {isa = PBXBuildFile; fileRef = 3F099D0027A6BC530079F4BC /* PreferencesStore.swift */; };
		3F0BDA5927A954BE0060067D /* TextAlert.swift in Sources */ = {isa = PBXBuildFile; fileRef = 3F0BDA5827A954BE0060067D /* TextAlert.swift */; };
		3F0BDA5C27A9552B0060067D /* AlertWrapper.swift in Sources */ = {isa = PBXBuildFile; fileRef = 3F0BDA5B27A9552B0060067D /* AlertWrapper.swift */; };
		3F0BDA5E27A97DB40060067D /* EditSettingsView.swift in Sources */ = {isa = PBXBuildFile; fileRef = 3F0BDA5D27A97DB40060067D /* EditSettingsView.swift */; };
		3F0BDA6027AA32D70060067D /* ImageLoader.swift in Sources */ = {isa = PBXBuildFile; fileRef = 3F0BDA5F27AA32D70060067D /* ImageLoader.swift */; };
		3F0C7DC927AD225000F23ADF /* SettingsPresenter.swift in Sources */ = {isa = PBXBuildFile; fileRef = 3F0C7DC827AD225000F23ADF /* SettingsPresenter.swift */; };
		3F0C7DCB27AD227300F23ADF /* SettingsInteractor.swift in Sources */ = {isa = PBXBuildFile; fileRef = 3F0C7DCA27AD227300F23ADF /* SettingsInteractor.swift */; };
		3F0C7DCD27AD24BC00F23ADF /* SettingsRouter.swift in Sources */ = {isa = PBXBuildFile; fileRef = 3F0C7DCC27AD24BC00F23ADF /* SettingsRouter.swift */; };
		3F14E43927A82F7900AF8239 /* UtilityExtensions.swift in Sources */ = {isa = PBXBuildFile; fileRef = 3F14E43827A82F7900AF8239 /* UtilityExtensions.swift */; };
		3F14E43B27A831DE00AF8239 /* PhotoPicker.swift in Sources */ = {isa = PBXBuildFile; fileRef = 3F14E43A27A831DE00AF8239 /* PhotoPicker.swift */; };
		3F14E43D27A8E52300AF8239 /* ProfileImageView.swift in Sources */ = {isa = PBXBuildFile; fileRef = 3F14E43C27A8E52300AF8239 /* ProfileImageView.swift */; };
		3F14E44027A8F6F000AF8239 /* UserSettings.swift in Sources */ = {isa = PBXBuildFile; fileRef = 3F14E43F27A8F6F000AF8239 /* UserSettings.swift */; };
		3F17FB34279B156D00A6C375 /* RecipeSaverApp.swift in Sources */ = {isa = PBXBuildFile; fileRef = 3F17FB33279B156D00A6C375 /* RecipeSaverApp.swift */; };
		3F17FB36279B156D00A6C375 /* ContentView.swift in Sources */ = {isa = PBXBuildFile; fileRef = 3F17FB35279B156D00A6C375 /* ContentView.swift */; };
		3F17FB38279B156F00A6C375 /* Assets.xcassets in Resources */ = {isa = PBXBuildFile; fileRef = 3F17FB37279B156F00A6C375 /* Assets.xcassets */; };
		3F17FB3B279B156F00A6C375 /* Preview Assets.xcassets in Resources */ = {isa = PBXBuildFile; fileRef = 3F17FB3A279B156F00A6C375 /* Preview Assets.xcassets */; };
		3F17FB48279B170100A6C375 /* HomeView.swift in Sources */ = {isa = PBXBuildFile; fileRef = 3F17FB47279B170100A6C375 /* HomeView.swift */; };
		3F17FB4A279B171600A6C375 /* CategoriesView.swift in Sources */ = {isa = PBXBuildFile; fileRef = 3F17FB49279B171600A6C375 /* CategoriesView.swift */; };
		3F17FB4C279B172100A6C375 /* NewRecipeView.swift in Sources */ = {isa = PBXBuildFile; fileRef = 3F17FB4B279B172100A6C375 /* NewRecipeView.swift */; };
		3F17FB4E279B173000A6C375 /* FavoritesView.swift in Sources */ = {isa = PBXBuildFile; fileRef = 3F17FB4D279B173000A6C375 /* FavoritesView.swift */; };
		3F17FB50279B173C00A6C375 /* SettingsView.swift in Sources */ = {isa = PBXBuildFile; fileRef = 3F17FB4F279B173C00A6C375 /* SettingsView.swift */; };
		3F17FB52279B18E000A6C375 /* TabBar.swift in Sources */ = {isa = PBXBuildFile; fileRef = 3F17FB51279B18E000A6C375 /* TabBar.swift */; };
		3F17FB56279B207900A6C375 /* RecipeCardView.swift in Sources */ = {isa = PBXBuildFile; fileRef = 3F17FB55279B207900A6C375 /* RecipeCardView.swift */; };
		3F17FB58279B24B800A6C375 /* RecipeListView.swift in Sources */ = {isa = PBXBuildFile; fileRef = 3F17FB57279B24B800A6C375 /* RecipeListView.swift */; };
		3F17FB5A279BAF7400A6C375 /* RecipeView.swift in Sources */ = {isa = PBXBuildFile; fileRef = 3F17FB59279BAF7400A6C375 /* RecipeView.swift */; };
		3F17FB5C279C10D000A6C375 /* CategoryView.swift in Sources */ = {isa = PBXBuildFile; fileRef = 3F17FB5B279C10D000A6C375 /* CategoryView.swift */; };
		3FF80E8C27AD373B00C434F9 /* RecipeListPresenter.swift in Sources */ = {isa = PBXBuildFile; fileRef = 3FF80E8B27AD373B00C434F9 /* RecipeListPresenter.swift */; };
		3FF80E8E27AD377700C434F9 /* RecipeListInteractor.swift in Sources */ = {isa = PBXBuildFile; fileRef = 3FF80E8D27AD377700C434F9 /* RecipeListInteractor.swift */; };
		3FF80E9127AD3D0400C434F9 /* RecipeListRouter.swift in Sources */ = {isa = PBXBuildFile; fileRef = 3FF80E9027AD3D0400C434F9 /* RecipeListRouter.swift */; };
		3FF80E9527AE62B500C434F9 /* DataModel.swift in Sources */ = {isa = PBXBuildFile; fileRef = 3FF80E9427AE62B500C434F9 /* DataModel.swift */; };
		3FF80E9827AE634C00C434F9 /* Persistence.swift in Sources */ = {isa = PBXBuildFile; fileRef = 3FF80E9727AE634C00C434F9 /* Persistence.swift */; };
		3FF80E9A27AE690F00C434F9 /* Recipe.swift in Sources */ = {isa = PBXBuildFile; fileRef = 3FF80E9927AE690F00C434F9 /* Recipe.swift */; };
		3FF80E9D27AE6EF600C434F9 /* default.json in Resources */ = {isa = PBXBuildFile; fileRef = 3FF80E9C27AE6EF600C434F9 /* default.json */; };
		3FF80E9F27AE71DE00C434F9 /* FavoritesPresenter.swift in Sources */ = {isa = PBXBuildFile; fileRef = 3FF80E9E27AE71DE00C434F9 /* FavoritesPresenter.swift */; };
		3FF80EA127AE721600C434F9 /* FavoritesInteractor.swift in Sources */ = {isa = PBXBuildFile; fileRef = 3FF80EA027AE721600C434F9 /* FavoritesInteractor.swift */; };
		3FF80EA327AE831200C434F9 /* SceneDelegate.swift in Sources */ = {isa = PBXBuildFile; fileRef = 3FF80EA227AE831200C434F9 /* SceneDelegate.swift */; };
		3FF80EAB27AE8F0C00C434F9 /* RecipeCardInteractor.swift in Sources */ = {isa = PBXBuildFile; fileRef = 3FF80EAA27AE8F0C00C434F9 /* RecipeCardInteractor.swift */; };
		3FF80EAE27B0BACE00C434F9 /* RecipeDescriptionPresenter.swift in Sources */ = {isa = PBXBuildFile; fileRef = 3FF80EAD27B0BACE00C434F9 /* RecipeDescriptionPresenter.swift */; };
		3FF80EB027B0BAF000C434F9 /* RecipeDescriptionRouter.swift in Sources */ = {isa = PBXBuildFile; fileRef = 3FF80EAF27B0BAF000C434F9 /* RecipeDescriptionRouter.swift */; };
		3FF80EB527B0C0B100C434F9 /* AddRecipePresenter.swift in Sources */ = {isa = PBXBuildFile; fileRef = 3FF80EB427B0C0B100C434F9 /* AddRecipePresenter.swift */; };
		3FF80EB927B0C2F500C434F9 /* AddRecipeInteractor.swift in Sources */ = {isa = PBXBuildFile; fileRef = 3FF80EB827B0C2F500C434F9 /* AddRecipeInteractor.swift */; };
		3FF80EBB27B0CDB400C434F9 /* RecipeDescriptionInteractor.swift in Sources */ = {isa = PBXBuildFile; fileRef = 3FF80EBA27B0CDB400C434F9 /* RecipeDescriptionInteractor.swift */; };
		3FF80EBD27B0D42100C434F9 /* NewRecipePresenter.swift in Sources */ = {isa = PBXBuildFile; fileRef = 3FF80EBC27B0D42100C434F9 /* NewRecipePresenter.swift */; };
		3FF80EBF27B0D43A00C434F9 /* NewRecipeRouter.swift in Sources */ = {isa = PBXBuildFile; fileRef = 3FF80EBE27B0D43A00C434F9 /* NewRecipeRouter.swift */; };
		3FF80EC127B0D6E900C434F9 /* NewRecipeInteractor.swift in Sources */ = {isa = PBXBuildFile; fileRef = 3FF80EC027B0D6E900C434F9 /* NewRecipeInteractor.swift */; };
		3FF80EC527B0FFB600C434F9 /* EditSettingsPresenter.swift in Sources */ = {isa = PBXBuildFile; fileRef = 3FF80EC427B0FFB600C434F9 /* EditSettingsPresenter.swift */; };
		3FF80EC727B0FFE700C434F9 /* EditSettingsInteractor.swift in Sources */ = {isa = PBXBuildFile; fileRef = 3FF80EC627B0FFE700C434F9 /* EditSettingsInteractor.swift */; };
/* End PBXBuildFile section */

/* Begin PBXFileReference section */
		3F099CF227A4E4050079F4BC /* AddRecipeView.swift */ = {isa = PBXFileReference; lastKnownFileType = sourcecode.swift; path = AddRecipeView.swift; sourceTree = "<group>"; };
		3F099CF627A68AFD0079F4BC /* RecipeCardPresenter.swift */ = {isa = PBXFileReference; lastKnownFileType = sourcecode.swift; path = RecipeCardPresenter.swift; sourceTree = "<group>"; };
		3F099CFD27A6BBFC0079F4BC /* InternalColorScheme.swift */ = {isa = PBXFileReference; lastKnownFileType = sourcecode.swift; path = InternalColorScheme.swift; sourceTree = "<group>"; };
		3F099D0027A6BC530079F4BC /* PreferencesStore.swift */ = {isa = PBXFileReference; lastKnownFileType = sourcecode.swift; path = PreferencesStore.swift; sourceTree = "<group>"; };
		3F0BDA5827A954BE0060067D /* TextAlert.swift */ = {isa = PBXFileReference; lastKnownFileType = sourcecode.swift; path = TextAlert.swift; sourceTree = "<group>"; };
		3F0BDA5B27A9552B0060067D /* AlertWrapper.swift */ = {isa = PBXFileReference; lastKnownFileType = sourcecode.swift; path = AlertWrapper.swift; sourceTree = "<group>"; };
		3F0BDA5D27A97DB40060067D /* EditSettingsView.swift */ = {isa = PBXFileReference; lastKnownFileType = sourcecode.swift; path = EditSettingsView.swift; sourceTree = "<group>"; };
		3F0BDA5F27AA32D70060067D /* ImageLoader.swift */ = {isa = PBXFileReference; lastKnownFileType = sourcecode.swift; path = ImageLoader.swift; sourceTree = "<group>"; };
		3F0C7DC827AD225000F23ADF /* SettingsPresenter.swift */ = {isa = PBXFileReference; lastKnownFileType = sourcecode.swift; path = SettingsPresenter.swift; sourceTree = "<group>"; };
		3F0C7DCA27AD227300F23ADF /* SettingsInteractor.swift */ = {isa = PBXFileReference; lastKnownFileType = sourcecode.swift; path = SettingsInteractor.swift; sourceTree = "<group>"; };
		3F0C7DCC27AD24BC00F23ADF /* SettingsRouter.swift */ = {isa = PBXFileReference; lastKnownFileType = sourcecode.swift; path = SettingsRouter.swift; sourceTree = "<group>"; };
		3F14E43827A82F7900AF8239 /* UtilityExtensions.swift */ = {isa = PBXFileReference; lastKnownFileType = sourcecode.swift; path = UtilityExtensions.swift; sourceTree = "<group>"; };
		3F14E43A27A831DE00AF8239 /* PhotoPicker.swift */ = {isa = PBXFileReference; lastKnownFileType = sourcecode.swift; path = PhotoPicker.swift; sourceTree = "<group>"; };
		3F14E43C27A8E52300AF8239 /* ProfileImageView.swift */ = {isa = PBXFileReference; lastKnownFileType = sourcecode.swift; path = ProfileImageView.swift; sourceTree = "<group>"; };
		3F14E43F27A8F6F000AF8239 /* UserSettings.swift */ = {isa = PBXFileReference; lastKnownFileType = sourcecode.swift; path = UserSettings.swift; sourceTree = "<group>"; };
		3F17FB30279B156D00A6C375 /* RecipeSaver.app */ = {isa = PBXFileReference; explicitFileType = wrapper.application; includeInIndex = 0; path = RecipeSaver.app; sourceTree = BUILT_PRODUCTS_DIR; };
		3F17FB33279B156D00A6C375 /* RecipeSaverApp.swift */ = {isa = PBXFileReference; lastKnownFileType = sourcecode.swift; path = RecipeSaverApp.swift; sourceTree = "<group>"; };
		3F17FB35279B156D00A6C375 /* ContentView.swift */ = {isa = PBXFileReference; lastKnownFileType = sourcecode.swift; path = ContentView.swift; sourceTree = "<group>"; };
		3F17FB37279B156F00A6C375 /* Assets.xcassets */ = {isa = PBXFileReference; lastKnownFileType = folder.assetcatalog; path = Assets.xcassets; sourceTree = "<group>"; };
		3F17FB3A279B156F00A6C375 /* Preview Assets.xcassets */ = {isa = PBXFileReference; lastKnownFileType = folder.assetcatalog; path = "Preview Assets.xcassets"; sourceTree = "<group>"; };
		3F17FB47279B170100A6C375 /* HomeView.swift */ = {isa = PBXFileReference; lastKnownFileType = sourcecode.swift; path = HomeView.swift; sourceTree = "<group>"; };
		3F17FB49279B171600A6C375 /* CategoriesView.swift */ = {isa = PBXFileReference; lastKnownFileType = sourcecode.swift; path = CategoriesView.swift; sourceTree = "<group>"; };
		3F17FB4B279B172100A6C375 /* NewRecipeView.swift */ = {isa = PBXFileReference; lastKnownFileType = sourcecode.swift; path = NewRecipeView.swift; sourceTree = "<group>"; };
		3F17FB4D279B173000A6C375 /* FavoritesView.swift */ = {isa = PBXFileReference; lastKnownFileType = sourcecode.swift; path = FavoritesView.swift; sourceTree = "<group>"; };
		3F17FB4F279B173C00A6C375 /* SettingsView.swift */ = {isa = PBXFileReference; lastKnownFileType = sourcecode.swift; path = SettingsView.swift; sourceTree = "<group>"; };
		3F17FB51279B18E000A6C375 /* TabBar.swift */ = {isa = PBXFileReference; lastKnownFileType = sourcecode.swift; path = TabBar.swift; sourceTree = "<group>"; };
		3F17FB55279B207900A6C375 /* RecipeCardView.swift */ = {isa = PBXFileReference; lastKnownFileType = sourcecode.swift; path = RecipeCardView.swift; sourceTree = "<group>"; };
		3F17FB57279B24B800A6C375 /* RecipeListView.swift */ = {isa = PBXFileReference; lastKnownFileType = sourcecode.swift; path = RecipeListView.swift; sourceTree = "<group>"; };
		3F17FB59279BAF7400A6C375 /* RecipeView.swift */ = {isa = PBXFileReference; lastKnownFileType = sourcecode.swift; path = RecipeView.swift; sourceTree = "<group>"; };
		3F17FB5B279C10D000A6C375 /* CategoryView.swift */ = {isa = PBXFileReference; lastKnownFileType = sourcecode.swift; path = CategoryView.swift; sourceTree = "<group>"; };
		3FF80E8B27AD373B00C434F9 /* RecipeListPresenter.swift */ = {isa = PBXFileReference; lastKnownFileType = sourcecode.swift; path = RecipeListPresenter.swift; sourceTree = "<group>"; };
		3FF80E8D27AD377700C434F9 /* RecipeListInteractor.swift */ = {isa = PBXFileReference; lastKnownFileType = sourcecode.swift; path = RecipeListInteractor.swift; sourceTree = "<group>"; };
		3FF80E9027AD3D0400C434F9 /* RecipeListRouter.swift */ = {isa = PBXFileReference; lastKnownFileType = sourcecode.swift; path = RecipeListRouter.swift; sourceTree = "<group>"; };
		3FF80E9427AE62B500C434F9 /* DataModel.swift */ = {isa = PBXFileReference; lastKnownFileType = sourcecode.swift; path = DataModel.swift; sourceTree = "<group>"; };
		3FF80E9727AE634C00C434F9 /* Persistence.swift */ = {isa = PBXFileReference; lastKnownFileType = sourcecode.swift; path = Persistence.swift; sourceTree = "<group>"; };
		3FF80E9927AE690F00C434F9 /* Recipe.swift */ = {isa = PBXFileReference; lastKnownFileType = sourcecode.swift; path = Recipe.swift; sourceTree = "<group>"; };
		3FF80E9C27AE6EF600C434F9 /* default.json */ = {isa = PBXFileReference; fileEncoding = 4; lastKnownFileType = text.json; name = default.json; path = ../../default.json; sourceTree = "<group>"; };
		3FF80E9E27AE71DE00C434F9 /* FavoritesPresenter.swift */ = {isa = PBXFileReference; lastKnownFileType = sourcecode.swift; path = FavoritesPresenter.swift; sourceTree = "<group>"; };
		3FF80EA027AE721600C434F9 /* FavoritesInteractor.swift */ = {isa = PBXFileReference; lastKnownFileType = sourcecode.swift; path = FavoritesInteractor.swift; sourceTree = "<group>"; };
		3FF80EA227AE831200C434F9 /* SceneDelegate.swift */ = {isa = PBXFileReference; lastKnownFileType = sourcecode.swift; path = SceneDelegate.swift; sourceTree = "<group>"; };
		3FF80EAA27AE8F0C00C434F9 /* RecipeCardInteractor.swift */ = {isa = PBXFileReference; lastKnownFileType = sourcecode.swift; path = RecipeCardInteractor.swift; sourceTree = "<group>"; };
		3FF80EAD27B0BACE00C434F9 /* RecipeDescriptionPresenter.swift */ = {isa = PBXFileReference; lastKnownFileType = sourcecode.swift; path = RecipeDescriptionPresenter.swift; sourceTree = "<group>"; };
		3FF80EAF27B0BAF000C434F9 /* RecipeDescriptionRouter.swift */ = {isa = PBXFileReference; lastKnownFileType = sourcecode.swift; path = RecipeDescriptionRouter.swift; sourceTree = "<group>"; };
		3FF80EB427B0C0B100C434F9 /* AddRecipePresenter.swift */ = {isa = PBXFileReference; lastKnownFileType = sourcecode.swift; path = AddRecipePresenter.swift; sourceTree = "<group>"; };
		3FF80EB827B0C2F500C434F9 /* AddRecipeInteractor.swift */ = {isa = PBXFileReference; lastKnownFileType = sourcecode.swift; path = AddRecipeInteractor.swift; sourceTree = "<group>"; };
		3FF80EBA27B0CDB400C434F9 /* RecipeDescriptionInteractor.swift */ = {isa = PBXFileReference; lastKnownFileType = sourcecode.swift; path = RecipeDescriptionInteractor.swift; sourceTree = "<group>"; };
		3FF80EBC27B0D42100C434F9 /* NewRecipePresenter.swift */ = {isa = PBXFileReference; lastKnownFileType = sourcecode.swift; path = NewRecipePresenter.swift; sourceTree = "<group>"; };
		3FF80EBE27B0D43A00C434F9 /* NewRecipeRouter.swift */ = {isa = PBXFileReference; lastKnownFileType = sourcecode.swift; path = NewRecipeRouter.swift; sourceTree = "<group>"; };
		3FF80EC027B0D6E900C434F9 /* NewRecipeInteractor.swift */ = {isa = PBXFileReference; lastKnownFileType = sourcecode.swift; path = NewRecipeInteractor.swift; sourceTree = "<group>"; };
		3FF80EC427B0FFB600C434F9 /* EditSettingsPresenter.swift */ = {isa = PBXFileReference; lastKnownFileType = sourcecode.swift; path = EditSettingsPresenter.swift; sourceTree = "<group>"; };
		3FF80EC627B0FFE700C434F9 /* EditSettingsInteractor.swift */ = {isa = PBXFileReference; lastKnownFileType = sourcecode.swift; path = EditSettingsInteractor.swift; sourceTree = "<group>"; };
/* End PBXFileReference section */

/* Begin PBXFrameworksBuildPhase section */
		3F17FB2D279B156D00A6C375 /* Frameworks */ = {
			isa = PBXFrameworksBuildPhase;
			buildActionMask = 2147483647;
			files = (
			);
			runOnlyForDeploymentPostprocessing = 0;
		};
/* End PBXFrameworksBuildPhase section */

/* Begin PBXGroup section */
		3F099CFC27A6BBE60079F4BC /* Helpers */ = {
			isa = PBXGroup;
			children = (
				3F099CFD27A6BBFC0079F4BC /* InternalColorScheme.swift */,
				3F14E43A27A831DE00AF8239 /* PhotoPicker.swift */,
				3F0BDA5F27AA32D70060067D /* ImageLoader.swift */,
				3FF80EA227AE831200C434F9 /* SceneDelegate.swift */,
			);
			path = Helpers;
			sourceTree = "<group>";
		};
		3F099CFF27A6BC390079F4BC /* Managers */ = {
			isa = PBXGroup;
			children = (
				3F099D0027A6BC530079F4BC /* PreferencesStore.swift */,
			);
			path = Managers;
			sourceTree = "<group>";
		};
		3F0BDA5A27A9551A0060067D /* Wrappers */ = {
			isa = PBXGroup;
			children = (
				3F0BDA5B27A9552B0060067D /* AlertWrapper.swift */,
			);
			path = Wrappers;
			sourceTree = "<group>";
		};
		3F0C7DC727AD216000F23ADF /* UserSettingsModule */ = {
			isa = PBXGroup;
			children = (
				3F17FB4F279B173C00A6C375 /* SettingsView.swift */,
				3F0C7DC827AD225000F23ADF /* SettingsPresenter.swift */,
				3F0C7DCA27AD227300F23ADF /* SettingsInteractor.swift */,
				3F0C7DCC27AD24BC00F23ADF /* SettingsRouter.swift */,
			);
			path = UserSettingsModule;
			sourceTree = "<group>";
		};
		3F14E43727A82F6400AF8239 /* Extensions */ = {
			isa = PBXGroup;
			children = (
				3F14E43827A82F7900AF8239 /* UtilityExtensions.swift */,
			);
			path = Extensions;
			sourceTree = "<group>";
		};
		3F14E43E27A8F6E000AF8239 /* Entity */ = {
			isa = PBXGroup;
			children = (
				3F0BDA5827A954BE0060067D /* TextAlert.swift */,
				3F14E43F27A8F6F000AF8239 /* UserSettings.swift */,
				3FF80E9427AE62B500C434F9 /* DataModel.swift */,
				3FF80E9927AE690F00C434F9 /* Recipe.swift */,
			);
			path = Entity;
			sourceTree = "<group>";
		};
		3F17FB27279B156D00A6C375 = {
			isa = PBXGroup;
			children = (
				3F17FB32279B156D00A6C375 /* RecipeSaver */,
				3FF80E9C27AE6EF600C434F9 /* default.json */,
				3F17FB31279B156D00A6C375 /* Products */,
			);
			sourceTree = "<group>";
		};
		3F17FB31279B156D00A6C375 /* Products */ = {
			isa = PBXGroup;
			children = (
				3F17FB30279B156D00A6C375 /* RecipeSaver.app */,
			);
			name = Products;
			sourceTree = "<group>";
		};
		3F17FB32279B156D00A6C375 /* RecipeSaver */ = {
			isa = PBXGroup;
			children = (
				3FF80EC327B0FF9100C434F9 /* EditSettingsModule */,
				3FF80EB327B0BF0400C434F9 /* AddRecipeModule */,
				3FF80EB227B0BEA900C434F9 /* NewRecipeModule */,
				3FF80EB127B0BE7A00C434F9 /* CategoriesModule */,
				3FF80EAC27B0BA9000C434F9 /* RecipeDescriptionModule */,
				3FF80EA927AE8E8800C434F9 /* RecipeCardModule */,
				3FF80EA427AE85E700C434F9 /* TabBarModule */,
				3FF80E9627AE632E00C434F9 /* Data Sources */,
				3FF80E8F27AD3C8E00C434F9 /* FavoritesModule */,
				3FF80E8A27AD368D00C434F9 /* RecipesModule */,
				3F0C7DC727AD216000F23ADF /* UserSettingsModule */,
				3F0BDA5A27A9551A0060067D /* Wrappers */,
				3F14E43E27A8F6E000AF8239 /* Entity */,
				3F14E43727A82F6400AF8239 /* Extensions */,
				3F099CFF27A6BC390079F4BC /* Managers */,
				3F099CFC27A6BBE60079F4BC /* Helpers */,
				3F17FB41279B165700A6C375 /* Views */,
				3F17FB37279B156F00A6C375 /* Assets.xcassets */,
				3F17FB39279B156F00A6C375 /* Preview Content */,
				3F17FB33279B156D00A6C375 /* RecipeSaverApp.swift */,
			);
			path = RecipeSaver;
			sourceTree = "<group>";
		};
		3F17FB39279B156F00A6C375 /* Preview Content */ = {
			isa = PBXGroup;
			children = (
				3F17FB3A279B156F00A6C375 /* Preview Assets.xcassets */,
			);
			path = "Preview Content";
			sourceTree = "<group>";
		};
		3F17FB41279B165700A6C375 /* Views */ = {
			isa = PBXGroup;
			children = (
				3F17FB44279B167800A6C375 /* Components */,
				3F17FB43279B167000A6C375 /* Detail */,
				3F17FB42279B166700A6C375 /* Main */,
			);
			path = Views;
			sourceTree = "<group>";
		};
		3F17FB42279B166700A6C375 /* Main */ = {
			isa = PBXGroup;
			children = (
				3F17FB47279B170100A6C375 /* HomeView.swift */,
				3F17FB35279B156D00A6C375 /* ContentView.swift */,
			);
			path = Main;
			sourceTree = "<group>";
		};
		3F17FB43279B167000A6C375 /* Detail */ = {
			isa = PBXGroup;
			children = (
				3F17FB5B279C10D000A6C375 /* CategoryView.swift */,
			);
			path = Detail;
			sourceTree = "<group>";
		};
		3F17FB44279B167800A6C375 /* Components */ = {
			isa = PBXGroup;
			children = (
				3F14E43C27A8E52300AF8239 /* ProfileImageView.swift */,
			);
			path = Components;
			sourceTree = "<group>";
		};
		3FF80E8A27AD368D00C434F9 /* RecipesModule */ = {
			isa = PBXGroup;
			children = (
				3F17FB57279B24B800A6C375 /* RecipeListView.swift */,
				3FF80E8B27AD373B00C434F9 /* RecipeListPresenter.swift */,
				3FF80E8D27AD377700C434F9 /* RecipeListInteractor.swift */,
				3FF80E9027AD3D0400C434F9 /* RecipeListRouter.swift */,
			);
			path = RecipesModule;
			sourceTree = "<group>";
		};
		3FF80E8F27AD3C8E00C434F9 /* FavoritesModule */ = {
			isa = PBXGroup;
			children = (
				3F17FB4D279B173000A6C375 /* FavoritesView.swift */,
				3FF80E9E27AE71DE00C434F9 /* FavoritesPresenter.swift */,
				3FF80EA027AE721600C434F9 /* FavoritesInteractor.swift */,
			);
			path = FavoritesModule;
			sourceTree = "<group>";
		};
		3FF80E9627AE632E00C434F9 /* Data Sources */ = {
			isa = PBXGroup;
			children = (
				3FF80E9727AE634C00C434F9 /* Persistence.swift */,
			);
			path = "Data Sources";
			sourceTree = "<group>";
		};
		3FF80EA427AE85E700C434F9 /* TabBarModule */ = {
			isa = PBXGroup;
			children = (
				3F17FB51279B18E000A6C375 /* TabBar.swift */,
			);
			path = TabBarModule;
			sourceTree = "<group>";
		};
		3FF80EA927AE8E8800C434F9 /* RecipeCardModule */ = {
			isa = PBXGroup;
			children = (
				3F17FB55279B207900A6C375 /* RecipeCardView.swift */,
				3F099CF627A68AFD0079F4BC /* RecipeCardPresenter.swift */,
				3FF80EAA27AE8F0C00C434F9 /* RecipeCardInteractor.swift */,
			);
			path = RecipeCardModule;
			sourceTree = "<group>";
		};
		3FF80EAC27B0BA9000C434F9 /* RecipeDescriptionModule */ = {
			isa = PBXGroup;
			children = (
				3F17FB59279BAF7400A6C375 /* RecipeView.swift */,
				3FF80EAD27B0BACE00C434F9 /* RecipeDescriptionPresenter.swift */,
				3FF80EAF27B0BAF000C434F9 /* RecipeDescriptionRouter.swift */,
				3FF80EBA27B0CDB400C434F9 /* RecipeDescriptionInteractor.swift */,
			);
			path = RecipeDescriptionModule;
			sourceTree = "<group>";
		};
		3FF80EB127B0BE7A00C434F9 /* CategoriesModule */ = {
			isa = PBXGroup;
			children = (
				3F17FB49279B171600A6C375 /* CategoriesView.swift */,
			);
			path = CategoriesModule;
			sourceTree = "<group>";
		};
		3FF80EB227B0BEA900C434F9 /* NewRecipeModule */ = {
			isa = PBXGroup;
			children = (
				3F17FB4B279B172100A6C375 /* NewRecipeView.swift */,
				3FF80EBC27B0D42100C434F9 /* NewRecipePresenter.swift */,
				3FF80EBE27B0D43A00C434F9 /* NewRecipeRouter.swift */,
				3FF80EC027B0D6E900C434F9 /* NewRecipeInteractor.swift */,
			);
			path = NewRecipeModule;
			sourceTree = "<group>";
		};
		3FF80EB327B0BF0400C434F9 /* AddRecipeModule */ = {
			isa = PBXGroup;
			children = (
				3F099CF227A4E4050079F4BC /* AddRecipeView.swift */,
				3FF80EB427B0C0B100C434F9 /* AddRecipePresenter.swift */,
				3FF80EB827B0C2F500C434F9 /* AddRecipeInteractor.swift */,
			);
			path = AddRecipeModule;
			sourceTree = "<group>";
		};
		3FF80EC327B0FF9100C434F9 /* EditSettingsModule */ = {
			isa = PBXGroup;
			children = (
				3F0BDA5D27A97DB40060067D /* EditSettingsView.swift */,
				3FF80EC427B0FFB600C434F9 /* EditSettingsPresenter.swift */,
				3FF80EC627B0FFE700C434F9 /* EditSettingsInteractor.swift */,
			);
			path = EditSettingsModule;
			sourceTree = "<group>";
		};
/* End PBXGroup section */

/* Begin PBXNativeTarget section */
		3F17FB2F279B156D00A6C375 /* RecipeSaver */ = {
			isa = PBXNativeTarget;
			buildConfigurationList = 3F17FB3E279B156F00A6C375 /* Build configuration list for PBXNativeTarget "RecipeSaver" */;
			buildPhases = (
				3F17FB2C279B156D00A6C375 /* Sources */,
				3F17FB2D279B156D00A6C375 /* Frameworks */,
				3F17FB2E279B156D00A6C375 /* Resources */,
			);
			buildRules = (
			);
			dependencies = (
			);
			name = RecipeSaver;
			productName = RecipeSaver;
			productReference = 3F17FB30279B156D00A6C375 /* RecipeSaver.app */;
			productType = "com.apple.product-type.application";
		};
/* End PBXNativeTarget section */

/* Begin PBXProject section */
		3F17FB28279B156D00A6C375 /* Project object */ = {
			isa = PBXProject;
			attributes = {
				BuildIndependentTargetsInParallel = 1;
				LastSwiftUpdateCheck = 1300;
				LastUpgradeCheck = 1300;
				TargetAttributes = {
					3F17FB2F279B156D00A6C375 = {
						CreatedOnToolsVersion = 13.0;
					};
				};
			};
			buildConfigurationList = 3F17FB2B279B156D00A6C375 /* Build configuration list for PBXProject "RecipeSaver" */;
			compatibilityVersion = "Xcode 13.0";
			developmentRegion = en;
			hasScannedForEncodings = 0;
			knownRegions = (
				en,
				Base,
			);
			mainGroup = 3F17FB27279B156D00A6C375;
			productRefGroup = 3F17FB31279B156D00A6C375 /* Products */;
			projectDirPath = "";
			projectRoot = "";
			targets = (
				3F17FB2F279B156D00A6C375 /* RecipeSaver */,
			);
		};
/* End PBXProject section */

/* Begin PBXResourcesBuildPhase section */
		3F17FB2E279B156D00A6C375 /* Resources */ = {
			isa = PBXResourcesBuildPhase;
			buildActionMask = 2147483647;
			files = (
				3FF80E9D27AE6EF600C434F9 /* default.json in Resources */,
				3F17FB3B279B156F00A6C375 /* Preview Assets.xcassets in Resources */,
				3F17FB38279B156F00A6C375 /* Assets.xcassets in Resources */,
			);
			runOnlyForDeploymentPostprocessing = 0;
		};
/* End PBXResourcesBuildPhase section */

/* Begin PBXSourcesBuildPhase section */
		3F17FB2C279B156D00A6C375 /* Sources */ = {
			isa = PBXSourcesBuildPhase;
			buildActionMask = 2147483647;
			files = (
				3FF80EB527B0C0B100C434F9 /* AddRecipePresenter.swift in Sources */,
				3F14E43D27A8E52300AF8239 /* ProfileImageView.swift in Sources */,
				3F0BDA5927A954BE0060067D /* TextAlert.swift in Sources */,
				3FF80EAB27AE8F0C00C434F9 /* RecipeCardInteractor.swift in Sources */,
				3FF80E9527AE62B500C434F9 /* DataModel.swift in Sources */,
				3F099D0127A6BC530079F4BC /* PreferencesStore.swift in Sources */,
				3FF80EAE27B0BACE00C434F9 /* RecipeDescriptionPresenter.swift in Sources */,
				3F099CF327A4E4050079F4BC /* AddRecipeView.swift in Sources */,
				3FF80E8E27AD377700C434F9 /* RecipeListInteractor.swift in Sources */,
				3FF80EBD27B0D42100C434F9 /* NewRecipePresenter.swift in Sources */,
				3FF80EB927B0C2F500C434F9 /* AddRecipeInteractor.swift in Sources */,
				3F17FB50279B173C00A6C375 /* SettingsView.swift in Sources */,
				3F099CF727A68AFD0079F4BC /* RecipeCardPresenter.swift in Sources */,
				3F0BDA5C27A9552B0060067D /* AlertWrapper.swift in Sources */,
				3FF80EA127AE721600C434F9 /* FavoritesInteractor.swift in Sources */,
				3FF80EC127B0D6E900C434F9 /* NewRecipeInteractor.swift in Sources */,
				3FF80E9A27AE690F00C434F9 /* Recipe.swift in Sources */,
				3F17FB56279B207900A6C375 /* RecipeCardView.swift in Sources */,
				3F17FB4A279B171600A6C375 /* CategoriesView.swift in Sources */,
				3FF80EC727B0FFE700C434F9 /* EditSettingsInteractor.swift in Sources */,
				3FF80EC527B0FFB600C434F9 /* EditSettingsPresenter.swift in Sources */,
				3F0BDA5E27A97DB40060067D /* EditSettingsView.swift in Sources */,
				3FF80EBF27B0D43A00C434F9 /* NewRecipeRouter.swift in Sources */,
				3F099CFE27A6BBFC0079F4BC /* InternalColorScheme.swift in Sources */,
				3FF80E9F27AE71DE00C434F9 /* FavoritesPresenter.swift in Sources */,
				3F0C7DCD27AD24BC00F23ADF /* SettingsRouter.swift in Sources */,
				3FF80EBB27B0CDB400C434F9 /* RecipeDescriptionInteractor.swift in Sources */,
				3F17FB4C279B172100A6C375 /* NewRecipeView.swift in Sources */,
				3F17FB52279B18E000A6C375 /* TabBar.swift in Sources */,
				3FF80EB027B0BAF000C434F9 /* RecipeDescriptionRouter.swift in Sources */,
				3F0C7DC927AD225000F23ADF /* SettingsPresenter.swift in Sources */,
				3F0BDA6027AA32D70060067D /* ImageLoader.swift in Sources */,
				3FF80E9827AE634C00C434F9 /* Persistence.swift in Sources */,
				3FF80E9127AD3D0400C434F9 /* RecipeListRouter.swift in Sources */,
				3F17FB5C279C10D000A6C375 /* CategoryView.swift in Sources */,
				3F17FB4E279B173000A6C375 /* FavoritesView.swift in Sources */,
				3FF80E8C27AD373B00C434F9 /* RecipeListPresenter.swift in Sources */,
				3F14E44027A8F6F000AF8239 /* UserSettings.swift in Sources */,
				3F14E43B27A831DE00AF8239 /* PhotoPicker.swift in Sources */,
				3F17FB5A279BAF7400A6C375 /* RecipeView.swift in Sources */,
				3F17FB58279B24B800A6C375 /* RecipeListView.swift in Sources */,
				3F17FB48279B170100A6C375 /* HomeView.swift in Sources */,
				3F0C7DCB27AD227300F23ADF /* SettingsInteractor.swift in Sources */,
				3F17FB36279B156D00A6C375 /* ContentView.swift in Sources */,
				3F14E43927A82F7900AF8239 /* UtilityExtensions.swift in Sources */,
				3FF80EA327AE831200C434F9 /* SceneDelegate.swift in Sources */,
				3F17FB34279B156D00A6C375 /* RecipeSaverApp.swift in Sources */,
			);
			runOnlyForDeploymentPostprocessing = 0;
		};
/* End PBXSourcesBuildPhase section */

/* Begin XCBuildConfiguration section */
		3F17FB3C279B156F00A6C375 /* Debug */ = {
			isa = XCBuildConfiguration;
			buildSettings = {
				ALWAYS_SEARCH_USER_PATHS = NO;
				CLANG_ANALYZER_NONNULL = YES;
				CLANG_ANALYZER_NUMBER_OBJECT_CONVERSION = YES_AGGRESSIVE;
				CLANG_CXX_LANGUAGE_STANDARD = "gnu++17";
				CLANG_CXX_LIBRARY = "libc++";
				CLANG_ENABLE_MODULES = YES;
				CLANG_ENABLE_OBJC_ARC = YES;
				CLANG_ENABLE_OBJC_WEAK = YES;
				CLANG_WARN_BLOCK_CAPTURE_AUTORELEASING = YES;
				CLANG_WARN_BOOL_CONVERSION = YES;
				CLANG_WARN_COMMA = YES;
				CLANG_WARN_CONSTANT_CONVERSION = YES;
				CLANG_WARN_DEPRECATED_OBJC_IMPLEMENTATIONS = YES;
				CLANG_WARN_DIRECT_OBJC_ISA_USAGE = YES_ERROR;
				CLANG_WARN_DOCUMENTATION_COMMENTS = YES;
				CLANG_WARN_EMPTY_BODY = YES;
				CLANG_WARN_ENUM_CONVERSION = YES;
				CLANG_WARN_INFINITE_RECURSION = YES;
				CLANG_WARN_INT_CONVERSION = YES;
				CLANG_WARN_NON_LITERAL_NULL_CONVERSION = YES;
				CLANG_WARN_OBJC_IMPLICIT_RETAIN_SELF = YES;
				CLANG_WARN_OBJC_LITERAL_CONVERSION = YES;
				CLANG_WARN_OBJC_ROOT_CLASS = YES_ERROR;
				CLANG_WARN_QUOTED_INCLUDE_IN_FRAMEWORK_HEADER = YES;
				CLANG_WARN_RANGE_LOOP_ANALYSIS = YES;
				CLANG_WARN_STRICT_PROTOTYPES = YES;
				CLANG_WARN_SUSPICIOUS_MOVE = YES;
				CLANG_WARN_UNGUARDED_AVAILABILITY = YES_AGGRESSIVE;
				CLANG_WARN_UNREACHABLE_CODE = YES;
				CLANG_WARN__DUPLICATE_METHOD_MATCH = YES;
				COPY_PHASE_STRIP = NO;
				DEBUG_INFORMATION_FORMAT = dwarf;
				ENABLE_STRICT_OBJC_MSGSEND = YES;
				ENABLE_TESTABILITY = YES;
				GCC_C_LANGUAGE_STANDARD = gnu11;
				GCC_DYNAMIC_NO_PIC = NO;
				GCC_NO_COMMON_BLOCKS = YES;
				GCC_OPTIMIZATION_LEVEL = 0;
				GCC_PREPROCESSOR_DEFINITIONS = (
					"DEBUG=1",
					"$(inherited)",
				);
				GCC_WARN_64_TO_32_BIT_CONVERSION = YES;
				GCC_WARN_ABOUT_RETURN_TYPE = YES_ERROR;
				GCC_WARN_UNDECLARED_SELECTOR = YES;
				GCC_WARN_UNINITIALIZED_AUTOS = YES_AGGRESSIVE;
				GCC_WARN_UNUSED_FUNCTION = YES;
				GCC_WARN_UNUSED_VARIABLE = YES;
				IPHONEOS_DEPLOYMENT_TARGET = 15.0;
				MTL_ENABLE_DEBUG_INFO = INCLUDE_SOURCE;
				MTL_FAST_MATH = YES;
				ONLY_ACTIVE_ARCH = YES;
				SDKROOT = iphoneos;
				SWIFT_ACTIVE_COMPILATION_CONDITIONS = DEBUG;
				SWIFT_OPTIMIZATION_LEVEL = "-Onone";
			};
			name = Debug;
		};
		3F17FB3D279B156F00A6C375 /* Release */ = {
			isa = XCBuildConfiguration;
			buildSettings = {
				ALWAYS_SEARCH_USER_PATHS = NO;
				CLANG_ANALYZER_NONNULL = YES;
				CLANG_ANALYZER_NUMBER_OBJECT_CONVERSION = YES_AGGRESSIVE;
				CLANG_CXX_LANGUAGE_STANDARD = "gnu++17";
				CLANG_CXX_LIBRARY = "libc++";
				CLANG_ENABLE_MODULES = YES;
				CLANG_ENABLE_OBJC_ARC = YES;
				CLANG_ENABLE_OBJC_WEAK = YES;
				CLANG_WARN_BLOCK_CAPTURE_AUTORELEASING = YES;
				CLANG_WARN_BOOL_CONVERSION = YES;
				CLANG_WARN_COMMA = YES;
				CLANG_WARN_CONSTANT_CONVERSION = YES;
				CLANG_WARN_DEPRECATED_OBJC_IMPLEMENTATIONS = YES;
				CLANG_WARN_DIRECT_OBJC_ISA_USAGE = YES_ERROR;
				CLANG_WARN_DOCUMENTATION_COMMENTS = YES;
				CLANG_WARN_EMPTY_BODY = YES;
				CLANG_WARN_ENUM_CONVERSION = YES;
				CLANG_WARN_INFINITE_RECURSION = YES;
				CLANG_WARN_INT_CONVERSION = YES;
				CLANG_WARN_NON_LITERAL_NULL_CONVERSION = YES;
				CLANG_WARN_OBJC_IMPLICIT_RETAIN_SELF = YES;
				CLANG_WARN_OBJC_LITERAL_CONVERSION = YES;
				CLANG_WARN_OBJC_ROOT_CLASS = YES_ERROR;
				CLANG_WARN_QUOTED_INCLUDE_IN_FRAMEWORK_HEADER = YES;
				CLANG_WARN_RANGE_LOOP_ANALYSIS = YES;
				CLANG_WARN_STRICT_PROTOTYPES = YES;
				CLANG_WARN_SUSPICIOUS_MOVE = YES;
				CLANG_WARN_UNGUARDED_AVAILABILITY = YES_AGGRESSIVE;
				CLANG_WARN_UNREACHABLE_CODE = YES;
				CLANG_WARN__DUPLICATE_METHOD_MATCH = YES;
				COPY_PHASE_STRIP = NO;
				DEBUG_INFORMATION_FORMAT = "dwarf-with-dsym";
				ENABLE_NS_ASSERTIONS = NO;
				ENABLE_STRICT_OBJC_MSGSEND = YES;
				GCC_C_LANGUAGE_STANDARD = gnu11;
				GCC_NO_COMMON_BLOCKS = YES;
				GCC_WARN_64_TO_32_BIT_CONVERSION = YES;
				GCC_WARN_ABOUT_RETURN_TYPE = YES_ERROR;
				GCC_WARN_UNDECLARED_SELECTOR = YES;
				GCC_WARN_UNINITIALIZED_AUTOS = YES_AGGRESSIVE;
				GCC_WARN_UNUSED_FUNCTION = YES;
				GCC_WARN_UNUSED_VARIABLE = YES;
				IPHONEOS_DEPLOYMENT_TARGET = 15.0;
				MTL_ENABLE_DEBUG_INFO = NO;
				MTL_FAST_MATH = YES;
				SDKROOT = iphoneos;
				SWIFT_COMPILATION_MODE = wholemodule;
				SWIFT_OPTIMIZATION_LEVEL = "-O";
				VALIDATE_PRODUCT = YES;
			};
			name = Release;
		};
		3F17FB3F279B156F00A6C375 /* Debug */ = {
			isa = XCBuildConfiguration;
			buildSettings = {
				ASSETCATALOG_COMPILER_APPICON_NAME = AppIcon;
				ASSETCATALOG_COMPILER_GLOBAL_ACCENT_COLOR_NAME = AccentColor;
				CODE_SIGN_STYLE = Automatic;
				CURRENT_PROJECT_VERSION = 1;
				DEVELOPMENT_ASSET_PATHS = "\"RecipeSaver/Preview Content\"";
				ENABLE_PREVIEWS = YES;
				GENERATE_INFOPLIST_FILE = YES;
				INFOPLIST_KEY_UIApplicationSceneManifest_Generation = YES;
				INFOPLIST_KEY_UIApplicationSupportsIndirectInputEvents = YES;
				INFOPLIST_KEY_UILaunchScreen_Generation = YES;
				INFOPLIST_KEY_UISupportedInterfaceOrientations_iPad = "UIInterfaceOrientationPortrait UIInterfaceOrientationPortraitUpsideDown UIInterfaceOrientationLandscapeLeft UIInterfaceOrientationLandscapeRight";
				INFOPLIST_KEY_UISupportedInterfaceOrientations_iPhone = "UIInterfaceOrientationPortrait UIInterfaceOrientationLandscapeLeft UIInterfaceOrientationLandscapeRight";
				IPHONEOS_DEPLOYMENT_TARGET = 15.0;
				LD_RUNPATH_SEARCH_PATHS = (
					"$(inherited)",
					"@executable_path/Frameworks",
				);
				MARKETING_VERSION = 1.0;
				PRODUCT_BUNDLE_IDENTIFIER = Bumblebee.RecipeSaver;
				PRODUCT_NAME = "$(TARGET_NAME)";
				SWIFT_EMIT_LOC_STRINGS = YES;
				SWIFT_VERSION = 5.0;
				TARGETED_DEVICE_FAMILY = "1,2";
			};
			name = Debug;
		};
		3F17FB40279B156F00A6C375 /* Release */ = {
			isa = XCBuildConfiguration;
			buildSettings = {
				ASSETCATALOG_COMPILER_APPICON_NAME = AppIcon;
				ASSETCATALOG_COMPILER_GLOBAL_ACCENT_COLOR_NAME = AccentColor;
				CODE_SIGN_STYLE = Automatic;
				CURRENT_PROJECT_VERSION = 1;
				DEVELOPMENT_ASSET_PATHS = "\"RecipeSaver/Preview Content\"";
				ENABLE_PREVIEWS = YES;
				GENERATE_INFOPLIST_FILE = YES;
				INFOPLIST_KEY_UIApplicationSceneManifest_Generation = YES;
				INFOPLIST_KEY_UIApplicationSupportsIndirectInputEvents = YES;
				INFOPLIST_KEY_UILaunchScreen_Generation = YES;
				INFOPLIST_KEY_UISupportedInterfaceOrientations_iPad = "UIInterfaceOrientationPortrait UIInterfaceOrientationPortraitUpsideDown UIInterfaceOrientationLandscapeLeft UIInterfaceOrientationLandscapeRight";
				INFOPLIST_KEY_UISupportedInterfaceOrientations_iPhone = "UIInterfaceOrientationPortrait UIInterfaceOrientationLandscapeLeft UIInterfaceOrientationLandscapeRight";
				IPHONEOS_DEPLOYMENT_TARGET = 15.0;
				LD_RUNPATH_SEARCH_PATHS = (
					"$(inherited)",
					"@executable_path/Frameworks",
				);
				MARKETING_VERSION = 1.0;
				PRODUCT_BUNDLE_IDENTIFIER = Bumblebee.RecipeSaver;
				PRODUCT_NAME = "$(TARGET_NAME)";
				SWIFT_EMIT_LOC_STRINGS = YES;
				SWIFT_VERSION = 5.0;
				TARGETED_DEVICE_FAMILY = "1,2";
			};
			name = Release;
		};
/* End XCBuildConfiguration section */

/* Begin XCConfigurationList section */
		3F17FB2B279B156D00A6C375 /* Build configuration list for PBXProject "RecipeSaver" */ = {
			isa = XCConfigurationList;
			buildConfigurations = (
				3F17FB3C279B156F00A6C375 /* Debug */,
				3F17FB3D279B156F00A6C375 /* Release */,
			);
			defaultConfigurationIsVisible = 0;
			defaultConfigurationName = Release;
		};
		3F17FB3E279B156F00A6C375 /* Build configuration list for PBXNativeTarget "RecipeSaver" */ = {
			isa = XCConfigurationList;
			buildConfigurations = (
				3F17FB3F279B156F00A6C375 /* Debug */,
				3F17FB40279B156F00A6C375 /* Release */,
			);
			defaultConfigurationIsVisible = 0;
			defaultConfigurationName = Release;
		};
/* End XCConfigurationList section */
	};
	rootObject = 3F17FB28279B156D00A6C375 /* Project object */;
}
